schema: '2.0'
stages:
  load_data:
    cmd: python src/get_data.py --config=params.yaml
    deps:
    - path: Original_data/Churn.csv
      md5: 3b0bfab28a8101b4e4fdd08025a5c235
      size: 977501
    - path: src/get_data.py
      md5: 374777b217c7c1c4e474c4e0f2329084
      size: 719
    outs:
    - path: data/raw/Churn.csv
      md5: 8cac3095fcf1fdc5d276164ba877e721
      size: 978285
  filter_data:
    cmd: python src/feature_engineering.py --config=params.yaml
    deps:
    - path: data/raw/Churn.csv
      md5: 8cac3095fcf1fdc5d276164ba877e721
      size: 978285
    - path: src/feature_engineering.py
      md5: 0c2da4001e173566cce368cc1d1ceea9
      size: 1690
    outs:
    - path: data/filtered/Churn.csv
      md5: f3bb4352f60c3c1b8ebc8ecd8399e120
      size: 819315
  select_data:
    cmd: python src/feature_selection.py --config=params.yaml
    deps:
    - path: data/filtered/Churn.csv
      md5: f3bb4352f60c3c1b8ebc8ecd8399e120
      size: 819315
    - path: src/feature_selection.py
      md5: 2d7cfb5e42d77d2dadb9a55d22a31db1
      size: 660
    outs:
    - path: data/select/Churn.csv
      md5: 052f4cd8ce3af3f51948cb62bfd36198
      size: 728422
  split_data:
    cmd: python src/split_data.py --config=params.yaml
    deps:
    - path: data/select/Churn.csv
      md5: 052f4cd8ce3af3f51948cb62bfd36198
      size: 728422
    - path: src/split_data.py
      md5: 9b50170b0a71eda258087ab16c111aca
      size: 975
    outs:
    - path: data/processed/CC_test.csv
      md5: 8de377799e38be61e4c8f2ca7b5dbe09
      size: 145812
    - path: data/processed/CC_train.csv
      md5: d952b1170332550a62e39ced8e7f5034
      size: 583084
  model_train_evaluate:
    cmd: python src/train_n_evaluate.py --config=params.yaml
    deps:
    - path: data/processed/CC_test.csv
      md5: 8de377799e38be61e4c8f2ca7b5dbe09
      size: 145812
    - path: data/processed/CC_train.csv
      md5: d952b1170332550a62e39ced8e7f5034
      size: 583084
    - path: src/train_n_evaluate.py
      md5: 57ac0e14d5dbf1bc96b9a33870dc3cb3
      size: 2935
    params:
      params.yaml:
        estimators.Logistic.Params.class_weight: dict
        estimators.Logistic.Params.max_iter: 100
        estimators.Logistic.Params.penalty: l2
    outs:
    - path: models/model.joblib
      md5: 04fc3055f511a2fc8668a1d1e172554c
      size: 1003
    - path: report/params.json
      md5: 94c7bd4c3b6f4e655325e6dce2386d41
      size: 76
    - path: report/scores.json
      md5: 598bc9afa2f0c20973bb1d8b85306156
      size: 102
